
Microsoft Visual Studio Solution File, Format Version 12.00
# Visual Studio Version 17
VisualStudioVersion = 17.0.31903.59
MinimumVisualStudioVersion = 10.0.40219.1
Project("{FAE04EC0-301F-11D3-BF4B-00C04F79EFBC}") = "food-planner", "src\food-planner.csproj", "{0D0769DF-7D7A-40BC-9F31-8F3CC4C77AA7}"
EndProject
Project("{FAE04EC0-301F-11D3-BF4B-00C04F79EFBC}") = "food-planner", "tests\food-planner.csproj", "{AD2D0641-4149-49D1-8A2B-330B68DC2ED6}"
EndProject
Global
	GlobalSection(SolutionConfigurationPlatforms) = preSolution
		Debug|Any CPU = Debug|Any CPU
		Release|Any CPU = Release|Any CPU
	EndGlobalSection
	GlobalSection(SolutionProperties) = preSolution
		HideSolutionNode = FALSE
	EndGlobalSection
	GlobalSection(ProjectConfigurationPlatforms) = postSolution
		{0D0769DF-7D7A-40BC-9F31-8F3CC4C77AA7}.Debug|Any CPU.ActiveCfg = Debug|Any CPU
		{0D0769DF-7D7A-40BC-9F31-8F3CC4C77AA7}.Debug|Any CPU.Build.0 = Debug|Any CPU
		{0D0769DF-7D7A-40BC-9F31-8F3CC4C77AA7}.Release|Any CPU.ActiveCfg = Release|Any CPU
		{0D0769DF-7D7A-40BC-9F31-8F3CC4C77AA7}.Release|Any CPU.Build.0 = Release|Any CPU
		{AD2D0641-4149-49D1-8A2B-330B68DC2ED6}.Debug|Any CPU.ActiveCfg = Debug|Any CPU
		{AD2D0641-4149-49D1-8A2B-330B68DC2ED6}.Debug|Any CPU.Build.0 = Debug|Any CPU
		{AD2D0641-4149-49D1-8A2B-330B68DC2ED6}.Release|Any CPU.ActiveCfg = Release|Any CPU
		{AD2D0641-4149-49D1-8A2B-330B68DC2ED6}.Release|Any CPU.Build.0 = Release|Any CPU
	EndGlobalSection
EndGlobal
